PODS:
  - Flutter (1.0.0)
  - flutter_secure_storage (3.2.0):
    - Flutter

DEPENDENCIES:
  - Flutter (from `.symlinks/flutter/ios-release`)
  - flutter_secure_storage (from `.symlinks/plugins/flutter_secure_storage/ios`)

EXTERNAL SOURCES:
  Flutter:
    :path: ".symlinks/flutter/ios-release"
  flutter_secure_storage:
    :path: ".symlinks/plugins/flutter_secure_storage/ios"

SPEC CHECKSUMS:
  Flutter: 0e3d915762c693b495b44d77113d4970485de6ec
  flutter_secure_storage: 0c5779648ff644110e507909b77a57e620cbbf8b

PODFILE CHECKSUM: 7fb83752f59ead6285236625b82473f90b1cb932

COCOAPODS: 1.8.4
